{
  "name": "aroma",
  "lockfileVersion": 2,
  "requires": true,
  "packages": {
    "": {
      "dependencies": {
        "vercel-php-runtime": "^0.1.1"
      }
    },
    "node_modules/@libphp/amazon-linux-2-v74": {
      "version": "0.0.9",
      "resolved": "https://registry.npmjs.org/@libphp/amazon-linux-2-v74/-/amazon-linux-2-v74-0.0.9.tgz",
      "integrity": "sha512-dZzLMe9VPaAedVR1Q3oCUc+9eA29Owpl25enejqXlUYkBrKa3KQnfD5QpVXL8RN5n1x+23+Z3XZpPAw10FJXYg=="
    },
    "node_modules/vercel-php-runtime": {
      "version": "0.1.1",
      "resolved": "https://registry.npmjs.org/vercel-php-runtime/-/vercel-php-runtime-0.1.1.tgz",
      "integrity": "sha512-WQwq+9e3uqFte5xKcYV5GM6BYKAefKCoxRjRQGYpJlifQv53t6fza8/Q42omXOLz85tkKlnOzamqc0OUqOeb+g==",
      "dependencies": {
        "@libphp/amazon-linux-2-v74": "latest"
      }
    }
  },
  "dependencies": {
    "@libphp/amazon-linux-2-v74": {
      "version": "0.0.9",
      "resolved": "https://registry.npmjs.org/@libphp/amazon-linux-2-v74/-/amazon-linux-2-v74-0.0.9.tgz",
      "integrity": "sha512-dZzLMe9VPaAedVR1Q3oCUc+9eA29Owpl25enejqXlUYkBrKa3KQnfD5QpVXL8RN5n1x+23+Z3XZpPAw10FJXYg=="
    },
    "vercel-php-runtime": {
      "version": "0.1.1",
      "resolved": "https://registry.npmjs.org/vercel-php-runtime/-/vercel-php-runtime-0.1.1.tgz",
      "integrity": "sha512-WQwq+9e3uqFte5xKcYV5GM6BYKAefKCoxRjRQGYpJlifQv53t6fza8/Q42omXOLz85tkKlnOzamqc0OUqOeb+g==",
      "requires": {
        "@libphp/amazon-linux-2-v74": "latest"
      }
    }
  }
}
